
Microsoft Visual Studio Solution File, Format Version 12.00
# Visual Studio Version 17
VisualStudioVersion = 17.5.33414.496
MinimumVisualStudioVersion = 10.0.40219.1
Project("{FAE04EC0-301F-11D3-BF4B-00C04F79EFBC}") = "InsereCaracterAntesDeConsoante", "InsereCaracterAntesDeConsoante\InsereCaracterAntesDeConsoante.csproj", "{4272D6B8-0CEE-4396-AF3A-A4AD149B7766}"
EndProject
Global
	GlobalSection(SolutionConfigurationPlatforms) = preSolution
		Debug|Any CPU = Debug|Any CPU
		Release|Any CPU = Release|Any CPU
	EndGlobalSection
	GlobalSection(ProjectConfigurationPlatforms) = postSolution
		{4272D6B8-0CEE-4396-AF3A-A4AD149B7766}.Debug|Any CPU.ActiveCfg = Debug|Any CPU
		{4272D6B8-0CEE-4396-AF3A-A4AD149B7766}.Debug|Any CPU.Build.0 = Debug|Any CPU
		{4272D6B8-0CEE-4396-AF3A-A4AD149B7766}.Release|Any CPU.ActiveCfg = Release|Any CPU
		{4272D6B8-0CEE-4396-AF3A-A4AD149B7766}.Release|Any CPU.Build.0 = Release|Any CPU
	EndGlobalSection
	GlobalSection(SolutionProperties) = preSolution
		HideSolutionNode = FALSE
	EndGlobalSection
	GlobalSection(ExtensibilityGlobals) = postSolution
		SolutionGuid = {11AAFC5C-C626-4872-90AE-132BB330E024}
	EndGlobalSection
EndGlobal
